
Microsoft Visual Studio Solution File, Format Version 12.00
# Visual Studio 14
VisualStudioVersion = 14.0.25420.1
MinimumVisualStudioVersion = 10.0.40219.1
Project("{2150E333-8FDC-42A3-9474-1A3956D46DE8}") = "src", "src", "{D11BB801-7392-4A5B-846B-A39FBE75B361}"
EndProject
Project("{2150E333-8FDC-42A3-9474-1A3956D46DE8}") = "Solution Items", "Solution Items", "{9CC6509E-F356-4FD7-A9FE-AFBABDE87715}"
	ProjectSection(SolutionItems) = preProject
		global.json = global.json
	EndProjectSection
EndProject
Project("{8BB2217D-0F2D-49D1-97BC-3654ED321F3B}") = "dynDBx", "src\dynDBx\dynDBx.xproj", "{555EDF04-B836-4CD5-A1C8-3B2C7456E24E}"
EndProject
Project("{8BB2217D-0F2D-49D1-97BC-3654ED321F3B}") = "dynDBx.Tests", "src\dynDBx.Tests\dynDBx.Tests.xproj", "{BAC3BAE1-CDE2-47BC-B22E-68054BE82A2B}"
EndProject
Project("{8BB2217D-0F2D-49D1-97BC-3654ED321F3B}") = "IridiumIon.JsonFlat2", "src\IridiumIon.JsonFlat2\IridiumIon.JsonFlat2.xproj", "{00945B9F-F0D9-43A7-B545-3BECC66302A9}"
EndProject
Global
	GlobalSection(SolutionConfigurationPlatforms) = preSolution
		Debug|Any CPU = Debug|Any CPU
		Release|Any CPU = Release|Any CPU
	EndGlobalSection
	GlobalSection(ProjectConfigurationPlatforms) = postSolution
		{555EDF04-B836-4CD5-A1C8-3B2C7456E24E}.Debug|Any CPU.ActiveCfg = Debug|Any CPU
		{555EDF04-B836-4CD5-A1C8-3B2C7456E24E}.Debug|Any CPU.Build.0 = Debug|Any CPU
		{555EDF04-B836-4CD5-A1C8-3B2C7456E24E}.Release|Any CPU.ActiveCfg = Release|Any CPU
		{555EDF04-B836-4CD5-A1C8-3B2C7456E24E}.Release|Any CPU.Build.0 = Release|Any CPU
		{BAC3BAE1-CDE2-47BC-B22E-68054BE82A2B}.Debug|Any CPU.ActiveCfg = Debug|Any CPU
		{BAC3BAE1-CDE2-47BC-B22E-68054BE82A2B}.Debug|Any CPU.Build.0 = Debug|Any CPU
		{BAC3BAE1-CDE2-47BC-B22E-68054BE82A2B}.Release|Any CPU.ActiveCfg = Release|Any CPU
		{BAC3BAE1-CDE2-47BC-B22E-68054BE82A2B}.Release|Any CPU.Build.0 = Release|Any CPU
		{00945B9F-F0D9-43A7-B545-3BECC66302A9}.Debug|Any CPU.ActiveCfg = Debug|Any CPU
		{00945B9F-F0D9-43A7-B545-3BECC66302A9}.Debug|Any CPU.Build.0 = Debug|Any CPU
		{00945B9F-F0D9-43A7-B545-3BECC66302A9}.Release|Any CPU.ActiveCfg = Release|Any CPU
		{00945B9F-F0D9-43A7-B545-3BECC66302A9}.Release|Any CPU.Build.0 = Release|Any CPU
	EndGlobalSection
	GlobalSection(SolutionProperties) = preSolution
		HideSolutionNode = FALSE
	EndGlobalSection
	GlobalSection(NestedProjects) = preSolution
		{555EDF04-B836-4CD5-A1C8-3B2C7456E24E} = {D11BB801-7392-4A5B-846B-A39FBE75B361}
		{BAC3BAE1-CDE2-47BC-B22E-68054BE82A2B} = {D11BB801-7392-4A5B-846B-A39FBE75B361}
		{00945B9F-F0D9-43A7-B545-3BECC66302A9} = {D11BB801-7392-4A5B-846B-A39FBE75B361}
	EndGlobalSection
EndGlobal
